
Microsoft Visual Studio Solution File, Format Version 12.00
# Visual Studio Version 16
VisualStudioVersion = 16.0.30225.117
MinimumVisualStudioVersion = 10.0.40219.1
Project("{FAE04EC0-301F-11D3-BF4B-00C04F79EFBC}") = "PersistentThrust", "PersistentThrust\PersistentThrust.csproj", "{2C8007B6-810D-4D81-BAE3-04D82247A8F1}"
EndProject
Project("{2150E333-8FDC-42A3-9474-1A3956D46DE8}") = "Solution Items", "Solution Items", "{456A2B5A-FBB2-4A0A-A9B8-F32F42AF7EEF}"
	ProjectSection(SolutionItems) = preProject
		..\azure-pipelines.yml = ..\azure-pipelines.yml
		..\create-release-with-assets-and-rename.ps1 = ..\create-release-with-assets-and-rename.ps1
	EndProjectSection
EndProject
Project("{FAE04EC0-301F-11D3-BF4B-00C04F79EFBC}") = "PersistentThrust.UI", "PersistentThrust.UI\PersistentThrust.UI.csproj", "{8F28A284-AB59-4BF8-9BE9-59B19EE9DF2C}"
EndProject
Project("{2150E333-8FDC-42A3-9474-1A3956D46DE8}") = "Unity", "Unity", "{727DD9AF-286B-4535-B9C9-F2AA722F56C8}"
EndProject
Project("{2150E333-8FDC-42A3-9474-1A3956D46DE8}") = "8.1", "8.1", "{EBC8A2CA-D21C-49E3-9868-9AD009F19AFA}"
	ProjectSection(SolutionItems) = preProject
		Unity\8.1\Assembly-CSharp-firstpass.dll = Unity\8.1\Assembly-CSharp-firstpass.dll
		Unity\8.1\Assembly-CSharp.dll = Unity\8.1\Assembly-CSharp.dll
		Unity\8.1\I18N.CJK.dll = Unity\8.1\I18N.CJK.dll
		Unity\8.1\I18N.dll = Unity\8.1\I18N.dll
		Unity\8.1\I18N.MidEast.dll = Unity\8.1\I18N.MidEast.dll
		Unity\8.1\I18N.Other.dll = Unity\8.1\I18N.Other.dll
		Unity\8.1\I18N.Rare.dll = Unity\8.1\I18N.Rare.dll
		Unity\8.1\I18N.West.dll = Unity\8.1\I18N.West.dll
		Unity\8.1\Ionic.Zip.dll = Unity\8.1\Ionic.Zip.dll
		Unity\8.1\KSPAssets.dll = Unity\8.1\KSPAssets.dll
		Unity\8.1\KSPAssets.XmlSerializers.dll = Unity\8.1\KSPAssets.XmlSerializers.dll
		Unity\8.1\KSPTrackIR.dll = Unity\8.1\KSPTrackIR.dll
		Unity\8.1\Mono.Cecil.dll = Unity\8.1\Mono.Cecil.dll
		Unity\8.1\Mono.Posix.dll = Unity\8.1\Mono.Posix.dll
		Unity\8.1\Mono.Security.dll = Unity\8.1\Mono.Security.dll
		Unity\8.1\mscorlib.dll = Unity\8.1\mscorlib.dll
		Unity\8.1\System.Configuration.dll = Unity\8.1\System.Configuration.dll
		Unity\8.1\System.Core.dll = Unity\8.1\System.Core.dll
		Unity\8.1\System.dll = Unity\8.1\System.dll
		Unity\8.1\System.Security.dll = Unity\8.1\System.Security.dll
		Unity\8.1\System.Xml.dll = Unity\8.1\System.Xml.dll
		Unity\8.1\TDx.TDxInput.dll = Unity\8.1\TDx.TDxInput.dll
		Unity\8.1\Unity.Analytics.DataPrivacy.dll = Unity\8.1\Unity.Analytics.DataPrivacy.dll
		Unity\8.1\Unity.Analytics.StandardEvents.dll = Unity\8.1\Unity.Analytics.StandardEvents.dll
		Unity\8.1\Unity.Analytics.Tracker.dll = Unity\8.1\Unity.Analytics.Tracker.dll
		Unity\8.1\Unity.RenderPipelines.Core.Runtime.dll = Unity\8.1\Unity.RenderPipelines.Core.Runtime.dll
		Unity\8.1\Unity.RenderPipelines.Core.ShaderLibrary.dll = Unity\8.1\Unity.RenderPipelines.Core.ShaderLibrary.dll
		Unity\8.1\Unity.RenderPipelines.ShaderGraph.ShaderGraphLibrary.dll = Unity\8.1\Unity.RenderPipelines.ShaderGraph.ShaderGraphLibrary.dll
		Unity\8.1\Unity.Timeline.dll = Unity\8.1\Unity.Timeline.dll
		Unity\8.1\UnityEngine.AccessibilityModule.dll = Unity\8.1\UnityEngine.AccessibilityModule.dll
		Unity\8.1\UnityEngine.AIModule.dll = Unity\8.1\UnityEngine.AIModule.dll
		Unity\8.1\UnityEngine.AndroidJNIModule.dll = Unity\8.1\UnityEngine.AndroidJNIModule.dll
		Unity\8.1\UnityEngine.AnimationModule.dll = Unity\8.1\UnityEngine.AnimationModule.dll
		Unity\8.1\UnityEngine.ARModule.dll = Unity\8.1\UnityEngine.ARModule.dll
		Unity\8.1\UnityEngine.AssetBundleModule.dll = Unity\8.1\UnityEngine.AssetBundleModule.dll
		Unity\8.1\UnityEngine.AudioModule.dll = Unity\8.1\UnityEngine.AudioModule.dll
		Unity\8.1\UnityEngine.ClothModule.dll = Unity\8.1\UnityEngine.ClothModule.dll
		Unity\8.1\UnityEngine.ClusterInputModule.dll = Unity\8.1\UnityEngine.ClusterInputModule.dll
		Unity\8.1\UnityEngine.ClusterRendererModule.dll = Unity\8.1\UnityEngine.ClusterRendererModule.dll
		Unity\8.1\UnityEngine.CoreModule.dll = Unity\8.1\UnityEngine.CoreModule.dll
		Unity\8.1\UnityEngine.CrashReportingModule.dll = Unity\8.1\UnityEngine.CrashReportingModule.dll
		Unity\8.1\UnityEngine.DirectorModule.dll = Unity\8.1\UnityEngine.DirectorModule.dll
		Unity\8.1\UnityEngine.dll = Unity\8.1\UnityEngine.dll
		Unity\8.1\UnityEngine.DSPGraphModule.dll = Unity\8.1\UnityEngine.DSPGraphModule.dll
		Unity\8.1\UnityEngine.FileSystemHttpModule.dll = Unity\8.1\UnityEngine.FileSystemHttpModule.dll
		Unity\8.1\UnityEngine.GameCenterModule.dll = Unity\8.1\UnityEngine.GameCenterModule.dll
		Unity\8.1\UnityEngine.GridModule.dll = Unity\8.1\UnityEngine.GridModule.dll
		Unity\8.1\UnityEngine.HotReloadModule.dll = Unity\8.1\UnityEngine.HotReloadModule.dll
		Unity\8.1\UnityEngine.ImageConversionModule.dll = Unity\8.1\UnityEngine.ImageConversionModule.dll
		Unity\8.1\UnityEngine.IMGUIModule.dll = Unity\8.1\UnityEngine.IMGUIModule.dll
		Unity\8.1\UnityEngine.InputLegacyModule.dll = Unity\8.1\UnityEngine.InputLegacyModule.dll
		Unity\8.1\UnityEngine.InputModule.dll = Unity\8.1\UnityEngine.InputModule.dll
		Unity\8.1\UnityEngine.JSONSerializeModule.dll = Unity\8.1\UnityEngine.JSONSerializeModule.dll
		Unity\8.1\UnityEngine.LocalizationModule.dll = Unity\8.1\UnityEngine.LocalizationModule.dll
		Unity\8.1\UnityEngine.ParticleSystemModule.dll = Unity\8.1\UnityEngine.ParticleSystemModule.dll
		Unity\8.1\UnityEngine.PerformanceReportingModule.dll = Unity\8.1\UnityEngine.PerformanceReportingModule.dll
		Unity\8.1\UnityEngine.Physics2DModule.dll = Unity\8.1\UnityEngine.Physics2DModule.dll
		Unity\8.1\UnityEngine.PhysicsModule.dll = Unity\8.1\UnityEngine.PhysicsModule.dll
		Unity\8.1\UnityEngine.ProfilerModule.dll = Unity\8.1\UnityEngine.ProfilerModule.dll
		Unity\8.1\UnityEngine.ScreenCaptureModule.dll = Unity\8.1\UnityEngine.ScreenCaptureModule.dll
		Unity\8.1\UnityEngine.SharedInternalsModule.dll = Unity\8.1\UnityEngine.SharedInternalsModule.dll
		Unity\8.1\UnityEngine.SpriteMaskModule.dll = Unity\8.1\UnityEngine.SpriteMaskModule.dll
		Unity\8.1\UnityEngine.SpriteShapeModule.dll = Unity\8.1\UnityEngine.SpriteShapeModule.dll
		Unity\8.1\UnityEngine.StreamingModule.dll = Unity\8.1\UnityEngine.StreamingModule.dll
		Unity\8.1\UnityEngine.SubstanceModule.dll = Unity\8.1\UnityEngine.SubstanceModule.dll
		Unity\8.1\UnityEngine.TerrainModule.dll = Unity\8.1\UnityEngine.TerrainModule.dll
		Unity\8.1\UnityEngine.TerrainPhysicsModule.dll = Unity\8.1\UnityEngine.TerrainPhysicsModule.dll
		Unity\8.1\UnityEngine.TextCoreModule.dll = Unity\8.1\UnityEngine.TextCoreModule.dll
		Unity\8.1\UnityEngine.TextRenderingModule.dll = Unity\8.1\UnityEngine.TextRenderingModule.dll
		Unity\8.1\UnityEngine.TilemapModule.dll = Unity\8.1\UnityEngine.TilemapModule.dll
		Unity\8.1\UnityEngine.TLSModule.dll = Unity\8.1\UnityEngine.TLSModule.dll
		Unity\8.1\UnityEngine.UI.dll = Unity\8.1\UnityEngine.UI.dll
		Unity\8.1\UnityEngine.UIElementsModule.dll = Unity\8.1\UnityEngine.UIElementsModule.dll
		Unity\8.1\UnityEngine.UIModule.dll = Unity\8.1\UnityEngine.UIModule.dll
		Unity\8.1\UnityEngine.UmbraModule.dll = Unity\8.1\UnityEngine.UmbraModule.dll
		Unity\8.1\UnityEngine.UNETModule.dll = Unity\8.1\UnityEngine.UNETModule.dll
		Unity\8.1\UnityEngine.UnityAnalyticsModule.dll = Unity\8.1\UnityEngine.UnityAnalyticsModule.dll
		Unity\8.1\UnityEngine.UnityConnectModule.dll = Unity\8.1\UnityEngine.UnityConnectModule.dll
		Unity\8.1\UnityEngine.UnityTestProtocolModule.dll = Unity\8.1\UnityEngine.UnityTestProtocolModule.dll
		Unity\8.1\UnityEngine.UnityWebRequestAssetBundleModule.dll = Unity\8.1\UnityEngine.UnityWebRequestAssetBundleModule.dll
		Unity\8.1\UnityEngine.UnityWebRequestAudioModule.dll = Unity\8.1\UnityEngine.UnityWebRequestAudioModule.dll
		Unity\8.1\UnityEngine.UnityWebRequestModule.dll = Unity\8.1\UnityEngine.UnityWebRequestModule.dll
		Unity\8.1\UnityEngine.UnityWebRequestTextureModule.dll = Unity\8.1\UnityEngine.UnityWebRequestTextureModule.dll
		Unity\8.1\UnityEngine.UnityWebRequestWWWModule.dll = Unity\8.1\UnityEngine.UnityWebRequestWWWModule.dll
		Unity\8.1\UnityEngine.VehiclesModule.dll = Unity\8.1\UnityEngine.VehiclesModule.dll
		Unity\8.1\UnityEngine.VFXModule.dll = Unity\8.1\UnityEngine.VFXModule.dll
		Unity\8.1\UnityEngine.VideoModule.dll = Unity\8.1\UnityEngine.VideoModule.dll
		Unity\8.1\UnityEngine.VRModule.dll = Unity\8.1\UnityEngine.VRModule.dll
		Unity\8.1\UnityEngine.WindModule.dll = Unity\8.1\UnityEngine.WindModule.dll
		Unity\8.1\UnityEngine.XRModule.dll = Unity\8.1\UnityEngine.XRModule.dll
	EndProjectSection
EndProject
Global
	GlobalSection(SolutionConfigurationPlatforms) = preSolution
		Debug|Any CPU = Debug|Any CPU
		Release|Any CPU = Release|Any CPU
	EndGlobalSection
	GlobalSection(ProjectConfigurationPlatforms) = postSolution
		{2C8007B6-810D-4D81-BAE3-04D82247A8F1}.Debug|Any CPU.ActiveCfg = Debug|Any CPU
		{2C8007B6-810D-4D81-BAE3-04D82247A8F1}.Debug|Any CPU.Build.0 = Debug|Any CPU
		{2C8007B6-810D-4D81-BAE3-04D82247A8F1}.Release|Any CPU.ActiveCfg = Release|Any CPU
		{2C8007B6-810D-4D81-BAE3-04D82247A8F1}.Release|Any CPU.Build.0 = Release|Any CPU
		{8F28A284-AB59-4BF8-9BE9-59B19EE9DF2C}.Debug|Any CPU.ActiveCfg = Debug|Any CPU
		{8F28A284-AB59-4BF8-9BE9-59B19EE9DF2C}.Debug|Any CPU.Build.0 = Debug|Any CPU
		{8F28A284-AB59-4BF8-9BE9-59B19EE9DF2C}.Release|Any CPU.ActiveCfg = Release|Any CPU
		{8F28A284-AB59-4BF8-9BE9-59B19EE9DF2C}.Release|Any CPU.Build.0 = Release|Any CPU
	EndGlobalSection
	GlobalSection(SolutionProperties) = preSolution
		HideSolutionNode = FALSE
	EndGlobalSection
	GlobalSection(NestedProjects) = preSolution
		{EBC8A2CA-D21C-49E3-9868-9AD009F19AFA} = {727DD9AF-286B-4535-B9C9-F2AA722F56C8}
	EndGlobalSection
	GlobalSection(ExtensibilityGlobals) = postSolution
		SolutionGuid = {2F240058-3534-4B12-82C6-694AD965EADD}
	EndGlobalSection
EndGlobal
