
Microsoft Visual Studio Solution File, Format Version 12.00
# Visual Studio Version 16
VisualStudioVersion = 16.0.30225.117
MinimumVisualStudioVersion = 10.0.40219.1
Project("{FAE04EC0-301F-11D3-BF4B-00C04F79EFBC}") = "PersistentThrust", "PersistentThrust\PersistentThrust.csproj", "{2C8007B6-810D-4D81-BAE3-04D82247A8F1}"
EndProject
Project("{2150E333-8FDC-42A3-9474-1A3956D46DE8}") = "Solution Items", "Solution Items", "{456A2B5A-FBB2-4A0A-A9B8-F32F42AF7EEF}"
	ProjectSection(SolutionItems) = preProject
		..\azure-pipelines.yml = ..\azure-pipelines.yml
	EndProjectSection
EndProject
Project("{FAE04EC0-301F-11D3-BF4B-00C04F79EFBC}") = "PersistentThrust.UI", "PersistentThrust.UI\PersistentThrust.UI.csproj", "{8F28A284-AB59-4BF8-9BE9-59B19EE9DF2C}"
EndProject
Global
	GlobalSection(SolutionConfigurationPlatforms) = preSolution
		Debug|Any CPU = Debug|Any CPU
		Release|Any CPU = Release|Any CPU
	EndGlobalSection
	GlobalSection(ProjectConfigurationPlatforms) = postSolution
		{2C8007B6-810D-4D81-BAE3-04D82247A8F1}.Debug|Any CPU.ActiveCfg = Debug|Any CPU
		{2C8007B6-810D-4D81-BAE3-04D82247A8F1}.Debug|Any CPU.Build.0 = Debug|Any CPU
		{2C8007B6-810D-4D81-BAE3-04D82247A8F1}.Release|Any CPU.ActiveCfg = Release|Any CPU
		{2C8007B6-810D-4D81-BAE3-04D82247A8F1}.Release|Any CPU.Build.0 = Release|Any CPU
		{8F28A284-AB59-4BF8-9BE9-59B19EE9DF2C}.Debug|Any CPU.ActiveCfg = Debug|Any CPU
		{8F28A284-AB59-4BF8-9BE9-59B19EE9DF2C}.Debug|Any CPU.Build.0 = Debug|Any CPU
		{8F28A284-AB59-4BF8-9BE9-59B19EE9DF2C}.Release|Any CPU.ActiveCfg = Release|Any CPU
		{8F28A284-AB59-4BF8-9BE9-59B19EE9DF2C}.Release|Any CPU.Build.0 = Release|Any CPU
	EndGlobalSection
	GlobalSection(SolutionProperties) = preSolution
		HideSolutionNode = FALSE
	EndGlobalSection
	GlobalSection(ExtensibilityGlobals) = postSolution
		SolutionGuid = {2F240058-3534-4B12-82C6-694AD965EADD}
	EndGlobalSection
EndGlobal
